// !$*UTF8*$!
{
	archiveVersion = 1;
	classes = {
	};
	objectVersion = 56;
	objects = {

/* Begin PBXBuildFile section */
		392CD4BC2BBB883000EF5C0F /* FileManager+FileReading.swift in Sources */ = {isa = PBXBuildFile; fileRef = 392CD4BB2BBB883000EF5C0F /* FileManager+FileReading.swift */; };
		396DFB0E2BBC4C100039DB26 /* Array+Extensions.swift in Sources */ = {isa = PBXBuildFile; fileRef = 396DFB0D2BBC4C100039DB26 /* Array+Extensions.swift */; };
		396DFB102BBC62410039DB26 /* String+Extensions.swift in Sources */ = {isa = PBXBuildFile; fileRef = 396DFB0F2BBC62410039DB26 /* String+Extensions.swift */; };
		396DFB112BBC75490039DB26 /* Array+Extensions.swift in Sources */ = {isa = PBXBuildFile; fileRef = 396DFB0D2BBC4C100039DB26 /* Array+Extensions.swift */; };
		396DFB122BBC95990039DB26 /* String+Extensions.swift in Sources */ = {isa = PBXBuildFile; fileRef = 396DFB0F2BBC62410039DB26 /* String+Extensions.swift */; };
		396DFB142BBCD19F0039DB26 /* OctetCounter.swift in Sources */ = {isa = PBXBuildFile; fileRef = 396DFB132BBCD19F0039DB26 /* OctetCounter.swift */; };
		396DFB162BBCD9B60039DB26 /* OctetCounterTest.swift in Sources */ = {isa = PBXBuildFile; fileRef = 396DFB152BBCD9B60039DB26 /* OctetCounterTest.swift */; };
		396DFB172BBCD9C70039DB26 /* OctetCounter.swift in Sources */ = {isa = PBXBuildFile; fileRef = 396DFB132BBCD19F0039DB26 /* OctetCounter.swift */; };
		396DFB192BBCEE640039DB26 /* ArgumentParser in Frameworks */ = {isa = PBXBuildFile; productRef = 396DFB182BBCEE640039DB26 /* ArgumentParser */; };
		39EE0E132BBA397A0005A3EE /* xxdTest.swift in Sources */ = {isa = PBXBuildFile; fileRef = 39EE0E122BBA397A0005A3EE /* xxdTest.swift */; };
		39EE0E1A2BBA3A8C0005A3EE /* SwiftXXD.swift in Sources */ = {isa = PBXBuildFile; fileRef = 39EE0E192BBA3A8C0005A3EE /* SwiftXXD.swift */; };
/* End PBXBuildFile section */

/* Begin PBXCopyFilesBuildPhase section */
		39EE0DF52BBA38F00005A3EE /* CopyFiles */ = {
			isa = PBXCopyFilesBuildPhase;
			buildActionMask = 2147483647;
			dstPath = /usr/share/man/man1/;
			dstSubfolderSpec = 0;
			files = (
			);
			runOnlyForDeploymentPostprocessing = 1;
		};
/* End PBXCopyFilesBuildPhase section */

/* Begin PBXFileReference section */
		392CD4BB2BBB883000EF5C0F /* FileManager+FileReading.swift */ = {isa = PBXFileReference; lastKnownFileType = sourcecode.swift; path = "FileManager+FileReading.swift"; sourceTree = "<group>"; };
		396DFB0D2BBC4C100039DB26 /* Array+Extensions.swift */ = {isa = PBXFileReference; lastKnownFileType = sourcecode.swift; path = "Array+Extensions.swift"; sourceTree = "<group>"; };
		396DFB0F2BBC62410039DB26 /* String+Extensions.swift */ = {isa = PBXFileReference; lastKnownFileType = sourcecode.swift; path = "String+Extensions.swift"; sourceTree = "<group>"; };
		396DFB132BBCD19F0039DB26 /* OctetCounter.swift */ = {isa = PBXFileReference; lastKnownFileType = sourcecode.swift; path = OctetCounter.swift; sourceTree = "<group>"; };
		396DFB152BBCD9B60039DB26 /* OctetCounterTest.swift */ = {isa = PBXFileReference; lastKnownFileType = sourcecode.swift; path = OctetCounterTest.swift; sourceTree = "<group>"; };
		39BAED672BBA3F3F0042270F /* README.md */ = {isa = PBXFileReference; lastKnownFileType = net.daringfireball.markdown; path = README.md; sourceTree = SOURCE_ROOT; };
		39EE0DF72BBA38F00005A3EE /* xxd */ = {isa = PBXFileReference; explicitFileType = "compiled.mach-o.executable"; includeInIndex = 0; path = xxd; sourceTree = BUILT_PRODUCTS_DIR; };
		39EE0E102BBA397A0005A3EE /* xxdTest.xctest */ = {isa = PBXFileReference; explicitFileType = wrapper.cfbundle; includeInIndex = 0; path = xxdTest.xctest; sourceTree = BUILT_PRODUCTS_DIR; };
		39EE0E122BBA397A0005A3EE /* xxdTest.swift */ = {isa = PBXFileReference; lastKnownFileType = sourcecode.swift; path = xxdTest.swift; sourceTree = "<group>"; };
		39EE0E192BBA3A8C0005A3EE /* SwiftXXD.swift */ = {isa = PBXFileReference; lastKnownFileType = sourcecode.swift; path = SwiftXXD.swift; sourceTree = "<group>"; };
/* End PBXFileReference section */

/* Begin PBXFrameworksBuildPhase section */
		39EE0DF42BBA38F00005A3EE /* Frameworks */ = {
			isa = PBXFrameworksBuildPhase;
			buildActionMask = 2147483647;
			files = (
				396DFB192BBCEE640039DB26 /* ArgumentParser in Frameworks */,
			);
			runOnlyForDeploymentPostprocessing = 0;
		};
		39EE0E0D2BBA397A0005A3EE /* Frameworks */ = {
			isa = PBXFrameworksBuildPhase;
			buildActionMask = 2147483647;
			files = (
			);
			runOnlyForDeploymentPostprocessing = 0;
		};
/* End PBXFrameworksBuildPhase section */

/* Begin PBXGroup section */
		39EE0DEE2BBA38F00005A3EE = {
			isa = PBXGroup;
			children = (
				39EE0DF92BBA38F00005A3EE /* xxd */,
				39EE0E112BBA397A0005A3EE /* xxdTest */,
				39EE0DF82BBA38F00005A3EE /* Products */,
			);
			sourceTree = "<group>";
		};
		39EE0DF82BBA38F00005A3EE /* Products */ = {
			isa = PBXGroup;
			children = (
				39EE0DF72BBA38F00005A3EE /* xxd */,
				39EE0E102BBA397A0005A3EE /* xxdTest.xctest */,
			);
			name = Products;
			sourceTree = "<group>";
		};
		39EE0DF92BBA38F00005A3EE /* xxd */ = {
			isa = PBXGroup;
			children = (
				39BAED672BBA3F3F0042270F /* README.md */,
				39EE0E192BBA3A8C0005A3EE /* SwiftXXD.swift */,
				392CD4BB2BBB883000EF5C0F /* FileManager+FileReading.swift */,
				396DFB0D2BBC4C100039DB26 /* Array+Extensions.swift */,
				396DFB0F2BBC62410039DB26 /* String+Extensions.swift */,
				396DFB132BBCD19F0039DB26 /* OctetCounter.swift */,
			);
			path = xxd;
			sourceTree = "<group>";
		};
		39EE0E112BBA397A0005A3EE /* xxdTest */ = {
			isa = PBXGroup;
			children = (
				39EE0E122BBA397A0005A3EE /* xxdTest.swift */,
				396DFB152BBCD9B60039DB26 /* OctetCounterTest.swift */,
			);
			path = xxdTest;
			sourceTree = "<group>";
		};
/* End PBXGroup section */

/* Begin PBXNativeTarget section */
		39EE0DF62BBA38F00005A3EE /* xxd */ = {
			isa = PBXNativeTarget;
			buildConfigurationList = 39EE0DFE2BBA38F00005A3EE /* Build configuration list for PBXNativeTarget "xxd" */;
			buildPhases = (
				39EE0DF32BBA38F00005A3EE /* Sources */,
				39EE0DF42BBA38F00005A3EE /* Frameworks */,
				39EE0DF52BBA38F00005A3EE /* CopyFiles */,
			);
			buildRules = (
			);
			dependencies = (
			);
			name = xxd;
			packageProductDependencies = (
				396DFB182BBCEE640039DB26 /* ArgumentParser */,
			);
			productName = xxd;
			productReference = 39EE0DF72BBA38F00005A3EE /* xxd */;
			productType = "com.apple.product-type.tool";
		};
		39EE0E0F2BBA397A0005A3EE /* xxdTest */ = {
			isa = PBXNativeTarget;
			buildConfigurationList = 39EE0E142BBA397A0005A3EE /* Build configuration list for PBXNativeTarget "xxdTest" */;
			buildPhases = (
				39EE0E0C2BBA397A0005A3EE /* Sources */,
				39EE0E0D2BBA397A0005A3EE /* Frameworks */,
				39EE0E0E2BBA397A0005A3EE /* Resources */,
			);
			buildRules = (
			);
			dependencies = (
			);
			name = xxdTest;
			productName = xxdTest;
			productReference = 39EE0E102BBA397A0005A3EE /* xxdTest.xctest */;
			productType = "com.apple.product-type.bundle.unit-test";
		};
/* End PBXNativeTarget section */

/* Begin PBXProject section */
		39EE0DEF2BBA38F00005A3EE /* Project object */ = {
			isa = PBXProject;
			attributes = {
				BuildIndependentTargetsInParallel = 1;
				LastSwiftUpdateCheck = 1530;
				LastUpgradeCheck = 1530;
				TargetAttributes = {
					39EE0DF62BBA38F00005A3EE = {
						CreatedOnToolsVersion = 15.3;
					};
					39EE0E0F2BBA397A0005A3EE = {
						CreatedOnToolsVersion = 15.3;
					};
				};
			};
			buildConfigurationList = 39EE0DF22BBA38F00005A3EE /* Build configuration list for PBXProject "xxd" */;
			compatibilityVersion = "Xcode 14.0";
			developmentRegion = en;
			hasScannedForEncodings = 0;
			knownRegions = (
				en,
				Base,
			);
			mainGroup = 39EE0DEE2BBA38F00005A3EE;
			packageReferences = (
				39EE0E1B2BBA3ACE0005A3EE /* XCRemoteSwiftPackageReference "swift-argument-parser" */,
			);
			productRefGroup = 39EE0DF82BBA38F00005A3EE /* Products */;
			projectDirPath = "";
			projectRoot = "";
			targets = (
				39EE0DF62BBA38F00005A3EE /* xxd */,
				39EE0E0F2BBA397A0005A3EE /* xxdTest */,
			);
		};
/* End PBXProject section */

/* Begin PBXResourcesBuildPhase section */
		39EE0E0E2BBA397A0005A3EE /* Resources */ = {
			isa = PBXResourcesBuildPhase;
			buildActionMask = 2147483647;
			files = (
			);
			runOnlyForDeploymentPostprocessing = 0;
		};
/* End PBXResourcesBuildPhase section */

/* Begin PBXSourcesBuildPhase section */
		39EE0DF32BBA38F00005A3EE /* Sources */ = {
			isa = PBXSourcesBuildPhase;
			buildActionMask = 2147483647;
			files = (
				392CD4BC2BBB883000EF5C0F /* FileManager+FileReading.swift in Sources */,
				396DFB0E2BBC4C100039DB26 /* Array+Extensions.swift in Sources */,
				39EE0E1A2BBA3A8C0005A3EE /* SwiftXXD.swift in Sources */,
				396DFB102BBC62410039DB26 /* String+Extensions.swift in Sources */,
				396DFB142BBCD19F0039DB26 /* OctetCounter.swift in Sources */,
			);
			runOnlyForDeploymentPostprocessing = 0;
		};
		39EE0E0C2BBA397A0005A3EE /* Sources */ = {
			isa = PBXSourcesBuildPhase;
			buildActionMask = 2147483647;
			files = (
				396DFB162BBCD9B60039DB26 /* OctetCounterTest.swift in Sources */,
				39EE0E132BBA397A0005A3EE /* xxdTest.swift in Sources */,
				396DFB122BBC95990039DB26 /* String+Extensions.swift in Sources */,
				396DFB112BBC75490039DB26 /* Array+Extensions.swift in Sources */,
				396DFB172BBCD9C70039DB26 /* OctetCounter.swift in Sources */,
			);
			runOnlyForDeploymentPostprocessing = 0;
		};
/* End PBXSourcesBuildPhase section */

/* Begin XCBuildConfiguration section */
		39EE0DFC2BBA38F00005A3EE /* Debug */ = {
			isa = XCBuildConfiguration;
			buildSettings = {
				ALWAYS_SEARCH_USER_PATHS = NO;
				ASSETCATALOG_COMPILER_GENERATE_SWIFT_ASSET_SYMBOL_EXTENSIONS = YES;
				CLANG_ANALYZER_NONNULL = YES;
				CLANG_ANALYZER_NUMBER_OBJECT_CONVERSION = YES_AGGRESSIVE;
				CLANG_CXX_LANGUAGE_STANDARD = "gnu++20";
				CLANG_ENABLE_MODULES = YES;
				CLANG_ENABLE_OBJC_ARC = YES;
				CLANG_ENABLE_OBJC_WEAK = YES;
				CLANG_WARN_BLOCK_CAPTURE_AUTORELEASING = YES;
				CLANG_WARN_BOOL_CONVERSION = YES;
				CLANG_WARN_COMMA = YES;
				CLANG_WARN_CONSTANT_CONVERSION = YES;
				CLANG_WARN_DEPRECATED_OBJC_IMPLEMENTATIONS = YES;
				CLANG_WARN_DIRECT_OBJC_ISA_USAGE = YES_ERROR;
				CLANG_WARN_DOCUMENTATION_COMMENTS = YES;
				CLANG_WARN_EMPTY_BODY = YES;
				CLANG_WARN_ENUM_CONVERSION = YES;
				CLANG_WARN_INFINITE_RECURSION = YES;
				CLANG_WARN_INT_CONVERSION = YES;
				CLANG_WARN_NON_LITERAL_NULL_CONVERSION = YES;
				CLANG_WARN_OBJC_IMPLICIT_RETAIN_SELF = YES;
				CLANG_WARN_OBJC_LITERAL_CONVERSION = YES;
				CLANG_WARN_OBJC_ROOT_CLASS = YES_ERROR;
				CLANG_WARN_QUOTED_INCLUDE_IN_FRAMEWORK_HEADER = YES;
				CLANG_WARN_RANGE_LOOP_ANALYSIS = YES;
				CLANG_WARN_STRICT_PROTOTYPES = YES;
				CLANG_WARN_SUSPICIOUS_MOVE = YES;
				CLANG_WARN_UNGUARDED_AVAILABILITY = YES_AGGRESSIVE;
				CLANG_WARN_UNREACHABLE_CODE = YES;
				CLANG_WARN__DUPLICATE_METHOD_MATCH = YES;
				COPY_PHASE_STRIP = NO;
				DEBUG_INFORMATION_FORMAT = dwarf;
				ENABLE_STRICT_OBJC_MSGSEND = YES;
				ENABLE_TESTABILITY = YES;
				ENABLE_USER_SCRIPT_SANDBOXING = YES;
				GCC_C_LANGUAGE_STANDARD = gnu17;
				GCC_DYNAMIC_NO_PIC = NO;
				GCC_NO_COMMON_BLOCKS = YES;
				GCC_OPTIMIZATION_LEVEL = 0;
				GCC_PREPROCESSOR_DEFINITIONS = (
					"DEBUG=1",
					"$(inherited)",
				);
				GCC_WARN_64_TO_32_BIT_CONVERSION = YES;
				GCC_WARN_ABOUT_RETURN_TYPE = YES_ERROR;
				GCC_WARN_UNDECLARED_SELECTOR = YES;
				GCC_WARN_UNINITIALIZED_AUTOS = YES_AGGRESSIVE;
				GCC_WARN_UNUSED_FUNCTION = YES;
				GCC_WARN_UNUSED_VARIABLE = YES;
				LOCALIZATION_PREFERS_STRING_CATALOGS = YES;
				MACOSX_DEPLOYMENT_TARGET = 14.4;
				MTL_ENABLE_DEBUG_INFO = INCLUDE_SOURCE;
				MTL_FAST_MATH = YES;
				ONLY_ACTIVE_ARCH = YES;
				SDKROOT = macosx;
				SWIFT_ACTIVE_COMPILATION_CONDITIONS = "DEBUG $(inherited)";
				SWIFT_OPTIMIZATION_LEVEL = "-Onone";
			};
			name = Debug;
		};
		39EE0DFD2BBA38F00005A3EE /* Release */ = {
			isa = XCBuildConfiguration;
			buildSettings = {
				ALWAYS_SEARCH_USER_PATHS = NO;
				ASSETCATALOG_COMPILER_GENERATE_SWIFT_ASSET_SYMBOL_EXTENSIONS = YES;
				CLANG_ANALYZER_NONNULL = YES;
				CLANG_ANALYZER_NUMBER_OBJECT_CONVERSION = YES_AGGRESSIVE;
				CLANG_CXX_LANGUAGE_STANDARD = "gnu++20";
				CLANG_ENABLE_MODULES = YES;
				CLANG_ENABLE_OBJC_ARC = YES;
				CLANG_ENABLE_OBJC_WEAK = YES;
				CLANG_WARN_BLOCK_CAPTURE_AUTORELEASING = YES;
				CLANG_WARN_BOOL_CONVERSION = YES;
				CLANG_WARN_COMMA = YES;
				CLANG_WARN_CONSTANT_CONVERSION = YES;
				CLANG_WARN_DEPRECATED_OBJC_IMPLEMENTATIONS = YES;
				CLANG_WARN_DIRECT_OBJC_ISA_USAGE = YES_ERROR;
				CLANG_WARN_DOCUMENTATION_COMMENTS = YES;
				CLANG_WARN_EMPTY_BODY = YES;
				CLANG_WARN_ENUM_CONVERSION = YES;
				CLANG_WARN_INFINITE_RECURSION = YES;
				CLANG_WARN_INT_CONVERSION = YES;
				CLANG_WARN_NON_LITERAL_NULL_CONVERSION = YES;
				CLANG_WARN_OBJC_IMPLICIT_RETAIN_SELF = YES;
				CLANG_WARN_OBJC_LITERAL_CONVERSION = YES;
				CLANG_WARN_OBJC_ROOT_CLASS = YES_ERROR;
				CLANG_WARN_QUOTED_INCLUDE_IN_FRAMEWORK_HEADER = YES;
				CLANG_WARN_RANGE_LOOP_ANALYSIS = YES;
				CLANG_WARN_STRICT_PROTOTYPES = YES;
				CLANG_WARN_SUSPICIOUS_MOVE = YES;
				CLANG_WARN_UNGUARDED_AVAILABILITY = YES_AGGRESSIVE;
				CLANG_WARN_UNREACHABLE_CODE = YES;
				CLANG_WARN__DUPLICATE_METHOD_MATCH = YES;
				COPY_PHASE_STRIP = NO;
				DEBUG_INFORMATION_FORMAT = "dwarf-with-dsym";
				ENABLE_NS_ASSERTIONS = NO;
				ENABLE_STRICT_OBJC_MSGSEND = YES;
				ENABLE_USER_SCRIPT_SANDBOXING = YES;
				GCC_C_LANGUAGE_STANDARD = gnu17;
				GCC_NO_COMMON_BLOCKS = YES;
				GCC_WARN_64_TO_32_BIT_CONVERSION = YES;
				GCC_WARN_ABOUT_RETURN_TYPE = YES_ERROR;
				GCC_WARN_UNDECLARED_SELECTOR = YES;
				GCC_WARN_UNINITIALIZED_AUTOS = YES_AGGRESSIVE;
				GCC_WARN_UNUSED_FUNCTION = YES;
				GCC_WARN_UNUSED_VARIABLE = YES;
				LOCALIZATION_PREFERS_STRING_CATALOGS = YES;
				MACOSX_DEPLOYMENT_TARGET = 14.4;
				MTL_ENABLE_DEBUG_INFO = NO;
				MTL_FAST_MATH = YES;
				SDKROOT = macosx;
				SWIFT_COMPILATION_MODE = wholemodule;
			};
			name = Release;
		};
		39EE0DFF2BBA38F00005A3EE /* Debug */ = {
			isa = XCBuildConfiguration;
			buildSettings = {
				CODE_SIGN_STYLE = Automatic;
				DEVELOPMENT_TEAM = MGJ7T5565Y;
				ENABLE_HARDENED_RUNTIME = YES;
				PRODUCT_NAME = "$(TARGET_NAME)";
				SWIFT_VERSION = 5.0;
			};
			name = Debug;
		};
		39EE0E002BBA38F00005A3EE /* Release */ = {
			isa = XCBuildConfiguration;
			buildSettings = {
				CODE_SIGN_STYLE = Automatic;
				DEVELOPMENT_TEAM = MGJ7T5565Y;
				ENABLE_HARDENED_RUNTIME = YES;
				PRODUCT_NAME = "$(TARGET_NAME)";
				SWIFT_VERSION = 5.0;
			};
			name = Release;
		};
		39EE0E152BBA397A0005A3EE /* Debug */ = {
			isa = XCBuildConfiguration;
			buildSettings = {
				CODE_SIGN_STYLE = Automatic;
				CURRENT_PROJECT_VERSION = 1;
				DEVELOPMENT_TEAM = MGJ7T5565Y;
				GENERATE_INFOPLIST_FILE = YES;
				MARKETING_VERSION = 1.0;
				PRODUCT_BUNDLE_IDENTIFIER = com.gruecorner.xxdTest;
				PRODUCT_NAME = "$(TARGET_NAME)";
				SWIFT_EMIT_LOC_STRINGS = NO;
				SWIFT_VERSION = 5.0;
			};
			name = Debug;
		};
		39EE0E162BBA397A0005A3EE /* Release */ = {
			isa = XCBuildConfiguration;
			buildSettings = {
				CODE_SIGN_STYLE = Automatic;
				CURRENT_PROJECT_VERSION = 1;
				DEVELOPMENT_TEAM = MGJ7T5565Y;
				GENERATE_INFOPLIST_FILE = YES;
				MARKETING_VERSION = 1.0;
				PRODUCT_BUNDLE_IDENTIFIER = com.gruecorner.xxdTest;
				PRODUCT_NAME = "$(TARGET_NAME)";
				SWIFT_EMIT_LOC_STRINGS = NO;
				SWIFT_VERSION = 5.0;
			};
			name = Release;
		};
/* End XCBuildConfiguration section */

/* Begin XCConfigurationList section */
		39EE0DF22BBA38F00005A3EE /* Build configuration list for PBXProject "xxd" */ = {
			isa = XCConfigurationList;
			buildConfigurations = (
				39EE0DFC2BBA38F00005A3EE /* Debug */,
				39EE0DFD2BBA38F00005A3EE /* Release */,
			);
			defaultConfigurationIsVisible = 0;
			defaultConfigurationName = Release;
		};
		39EE0DFE2BBA38F00005A3EE /* Build configuration list for PBXNativeTarget "xxd" */ = {
			isa = XCConfigurationList;
			buildConfigurations = (
				39EE0DFF2BBA38F00005A3EE /* Debug */,
				39EE0E002BBA38F00005A3EE /* Release */,
			);
			defaultConfigurationIsVisible = 0;
			defaultConfigurationName = Release;
		};
		39EE0E142BBA397A0005A3EE /* Build configuration list for PBXNativeTarget "xxdTest" */ = {
			isa = XCConfigurationList;
			buildConfigurations = (
				39EE0E152BBA397A0005A3EE /* Debug */,
				39EE0E162BBA397A0005A3EE /* Release */,
			);
			defaultConfigurationIsVisible = 0;
			defaultConfigurationName = Release;
		};
/* End XCConfigurationList section */

/* Begin XCRemoteSwiftPackageReference section */
		39EE0E1B2BBA3ACE0005A3EE /* XCRemoteSwiftPackageReference "swift-argument-parser" */ = {
			isa = XCRemoteSwiftPackageReference;
			repositoryURL = "https://github.com/apple/swift-argument-parser.git";
			requirement = {
				kind = upToNextMajorVersion;
				minimumVersion = 1.3.1;
			};
		};
/* End XCRemoteSwiftPackageReference section */

/* Begin XCSwiftPackageProductDependency section */
		396DFB182BBCEE640039DB26 /* ArgumentParser */ = {
			isa = XCSwiftPackageProductDependency;
			package = 39EE0E1B2BBA3ACE0005A3EE /* XCRemoteSwiftPackageReference "swift-argument-parser" */;
			productName = ArgumentParser;
		};
/* End XCSwiftPackageProductDependency section */
	};
	rootObject = 39EE0DEF2BBA38F00005A3EE /* Project object */;
}
